
Microsoft Visual Studio Solution File, Format Version 12.00
# Visual Studio Version 17
VisualStudioVersion = 17.11.35312.102
MinimumVisualStudioVersion = 10.0.40219.1
Project("{2150E333-8FDC-42A3-9474-1A3956D46DE8}") = "Src", "Src", "{A2778E92-81B8-4857-AD70-4034137A7E50}"
EndProject
Project("{2150E333-8FDC-42A3-9474-1A3956D46DE8}") = "Core", "Core", "{2819FED1-050B-475C-9EE5-F888139F81AB}"
EndProject
Project("{2150E333-8FDC-42A3-9474-1A3956D46DE8}") = "Infrastructure", "Infrastructure", "{4D7DDF9A-8B6A-402F-8A6C-278697046926}"
EndProject
Project("{2150E333-8FDC-42A3-9474-1A3956D46DE8}") = "Presentation", "Presentation", "{C30E7BA2-7130-46E3-854E-2983C82ED238}"
EndProject
Project("{9A19103F-16F7-4668-BE54-9A1E7A4F7556}") = "Domain", "Domain\Domain.csproj", "{796663BE-9B68-4E37-8365-BE0297259267}"
EndProject
Project("{9A19103F-16F7-4668-BE54-9A1E7A4F7556}") = "Application", "Application\Application.csproj", "{BEF58511-F040-4AE0-AEFB-84EB475D7D62}"
EndProject
Project("{9A19103F-16F7-4668-BE54-9A1E7A4F7556}") = "Infrastructure", "Infrastructure\Infrastructure.csproj", "{52D3C5D1-E7E0-4D4F-AD5D-06CC55073F79}"
EndProject
Project("{9A19103F-16F7-4668-BE54-9A1E7A4F7556}") = "Persistance", "Persistance\Persistance.csproj", "{C4DF962A-DB54-4732-9CBB-1E57271912B9}"
EndProject
Project("{9A19103F-16F7-4668-BE54-9A1E7A4F7556}") = "WebApi", "WebApi\WebApi.csproj", "{2BDAC869-ECD6-48B6-B1EA-04F7B1CF350E}"
EndProject
Project("{2150E333-8FDC-42A3-9474-1A3956D46DE8}") = "Shared", "Shared", "{0836354C-0AFD-4194-BF57-42DED1737AC3}"
EndProject
Project("{FAE04EC0-301F-11D3-BF4B-00C04F79EFBC}") = "Helpers", "Helpers\Helpers.csproj", "{15FEF694-9738-4815-96BB-D250DD7C324F}"
EndProject
Global
	GlobalSection(SolutionConfigurationPlatforms) = preSolution
		Debug|Any CPU = Debug|Any CPU
		Release|Any CPU = Release|Any CPU
	EndGlobalSection
	GlobalSection(ProjectConfigurationPlatforms) = postSolution
		{796663BE-9B68-4E37-8365-BE0297259267}.Debug|Any CPU.ActiveCfg = Debug|Any CPU
		{796663BE-9B68-4E37-8365-BE0297259267}.Debug|Any CPU.Build.0 = Debug|Any CPU
		{796663BE-9B68-4E37-8365-BE0297259267}.Release|Any CPU.ActiveCfg = Release|Any CPU
		{796663BE-9B68-4E37-8365-BE0297259267}.Release|Any CPU.Build.0 = Release|Any CPU
		{BEF58511-F040-4AE0-AEFB-84EB475D7D62}.Debug|Any CPU.ActiveCfg = Debug|Any CPU
		{BEF58511-F040-4AE0-AEFB-84EB475D7D62}.Debug|Any CPU.Build.0 = Debug|Any CPU
		{BEF58511-F040-4AE0-AEFB-84EB475D7D62}.Release|Any CPU.ActiveCfg = Release|Any CPU
		{BEF58511-F040-4AE0-AEFB-84EB475D7D62}.Release|Any CPU.Build.0 = Release|Any CPU
		{52D3C5D1-E7E0-4D4F-AD5D-06CC55073F79}.Debug|Any CPU.ActiveCfg = Debug|Any CPU
		{52D3C5D1-E7E0-4D4F-AD5D-06CC55073F79}.Debug|Any CPU.Build.0 = Debug|Any CPU
		{52D3C5D1-E7E0-4D4F-AD5D-06CC55073F79}.Release|Any CPU.ActiveCfg = Release|Any CPU
		{52D3C5D1-E7E0-4D4F-AD5D-06CC55073F79}.Release|Any CPU.Build.0 = Release|Any CPU
		{C4DF962A-DB54-4732-9CBB-1E57271912B9}.Debug|Any CPU.ActiveCfg = Debug|Any CPU
		{C4DF962A-DB54-4732-9CBB-1E57271912B9}.Debug|Any CPU.Build.0 = Debug|Any CPU
		{C4DF962A-DB54-4732-9CBB-1E57271912B9}.Release|Any CPU.ActiveCfg = Release|Any CPU
		{C4DF962A-DB54-4732-9CBB-1E57271912B9}.Release|Any CPU.Build.0 = Release|Any CPU
		{2BDAC869-ECD6-48B6-B1EA-04F7B1CF350E}.Debug|Any CPU.ActiveCfg = Debug|Any CPU
		{2BDAC869-ECD6-48B6-B1EA-04F7B1CF350E}.Debug|Any CPU.Build.0 = Debug|Any CPU
		{2BDAC869-ECD6-48B6-B1EA-04F7B1CF350E}.Release|Any CPU.ActiveCfg = Release|Any CPU
		{2BDAC869-ECD6-48B6-B1EA-04F7B1CF350E}.Release|Any CPU.Build.0 = Release|Any CPU
		{15FEF694-9738-4815-96BB-D250DD7C324F}.Debug|Any CPU.ActiveCfg = Debug|Any CPU
		{15FEF694-9738-4815-96BB-D250DD7C324F}.Debug|Any CPU.Build.0 = Debug|Any CPU
		{15FEF694-9738-4815-96BB-D250DD7C324F}.Release|Any CPU.ActiveCfg = Release|Any CPU
		{15FEF694-9738-4815-96BB-D250DD7C324F}.Release|Any CPU.Build.0 = Release|Any CPU
	EndGlobalSection
	GlobalSection(SolutionProperties) = preSolution
		HideSolutionNode = FALSE
	EndGlobalSection
	GlobalSection(NestedProjects) = preSolution
		{2819FED1-050B-475C-9EE5-F888139F81AB} = {A2778E92-81B8-4857-AD70-4034137A7E50}
		{4D7DDF9A-8B6A-402F-8A6C-278697046926} = {A2778E92-81B8-4857-AD70-4034137A7E50}
		{C30E7BA2-7130-46E3-854E-2983C82ED238} = {A2778E92-81B8-4857-AD70-4034137A7E50}
		{796663BE-9B68-4E37-8365-BE0297259267} = {2819FED1-050B-475C-9EE5-F888139F81AB}
		{BEF58511-F040-4AE0-AEFB-84EB475D7D62} = {2819FED1-050B-475C-9EE5-F888139F81AB}
		{52D3C5D1-E7E0-4D4F-AD5D-06CC55073F79} = {4D7DDF9A-8B6A-402F-8A6C-278697046926}
		{C4DF962A-DB54-4732-9CBB-1E57271912B9} = {4D7DDF9A-8B6A-402F-8A6C-278697046926}
		{2BDAC869-ECD6-48B6-B1EA-04F7B1CF350E} = {C30E7BA2-7130-46E3-854E-2983C82ED238}
		{0836354C-0AFD-4194-BF57-42DED1737AC3} = {A2778E92-81B8-4857-AD70-4034137A7E50}
		{15FEF694-9738-4815-96BB-D250DD7C324F} = {0836354C-0AFD-4194-BF57-42DED1737AC3}
	EndGlobalSection
	GlobalSection(ExtensibilityGlobals) = postSolution
		SolutionGuid = {820C079F-6048-425B-8BDB-EA96DB11BFD8}
	EndGlobalSection
EndGlobal
